
Microsoft Visual Studio Solution File, Format Version 12.00
# Visual Studio Version 17
VisualStudioVersion = 17.11.35222.181
MinimumVisualStudioVersion = 10.0.40219.1
Project("{2150E333-8FDC-42A3-9474-1A3956D46DE8}") = "Домашние задания", "Домашние задания", "{8DF00A33-1E4C-4CAC-942F-EFC331A10D31}"
EndProject
Project("{2150E333-8FDC-42A3-9474-1A3956D46DE8}") = "Лабораторные работы", "Лабораторные работы", "{84F07877-ED8E-4E90-B134-2602E6C405B2}"
EndProject
Project("{2150E333-8FDC-42A3-9474-1A3956D46DE8}") = "Урок 1", "Урок 1", "{F0C6B5B7-9B11-4C50-95D8-F443163A29BE}"
EndProject
Project("{2150E333-8FDC-42A3-9474-1A3956D46DE8}") = "Урок1", "Урок1", "{59A48790-66E5-42B5-BD75-F8D6F4FF97A7}"
EndProject
Project("{8BC9CEB8-8B4A-11D0-8D11-00A0C91BC942}") = "Task2", "Домашние задания\Урок 1\Task2\Task2.vcxproj", "{B60C6FBF-15D1-426D-9E57-824174295312}"
EndProject
Project("{8BC9CEB8-8B4A-11D0-8D11-00A0C91BC942}") = "Task1", "Домашние задания\Урок 1\Task1\Task1.vcxproj", "{1CF97361-E99E-4B00-AA3F-26FBCADFAB82}"
EndProject
Project("{8BC9CEB8-8B4A-11D0-8D11-00A0C91BC942}") = "Task3", "Домашние задания\Урок 1\Task3\Task3.vcxproj", "{942E6E78-AD5C-4557-8246-C64836EC4DCC}"
EndProject
Project("{8BC9CEB8-8B4A-11D0-8D11-00A0C91BC942}") = "Task4", "Домашние задания\Урок 1\Task4\Task4.vcxproj", "{DC1E2E4D-AA5A-467A-9692-3B67857001CD}"
EndProject
Project("{8BC9CEB8-8B4A-11D0-8D11-00A0C91BC942}") = "Task5", "Домашние задания\Урок 1\Task5\Task5.vcxproj", "{98B84C9C-FC2B-4B63-A89F-DE8B107F324E}"
EndProject
Project("{2150E333-8FDC-42A3-9474-1A3956D46DE8}") = "Урок 2", "Урок 2", "{6B99158B-B84D-4196-947B-448E2A6925D2}"
EndProject
Project("{8BC9CEB8-8B4A-11D0-8D11-00A0C91BC942}") = "Vstrecha 6.2", "Домашние задания\Урок 2\Vstrecha 6.2\Vstrecha 6.2.vcxproj", "{58C044C0-CAC4-4DBF-8322-B8AB0B18D36C}"
EndProject
Project("{8BC9CEB8-8B4A-11D0-8D11-00A0C91BC942}") = "Vstrecha 6.1", "Домашние задания\Урок 2\Vstrehca 6.1\Vstreacha 6.1.vcxproj", "{060CC062-A771-4243-9D1B-CF97F0611A88}"
EndProject
Project("{8BC9CEB8-8B4A-11D0-8D11-00A0C91BC942}") = "Vstrecha 7.1", "Домашние задания\Урок 2\Vstrecha 7.1\Vstrecha 7.1.vcxproj", "{CB4A3859-6BEF-40C0-A7D1-2582E52CB0FC}"
EndProject
Project("{8BC9CEB8-8B4A-11D0-8D11-00A0C91BC942}") = "Vstrecha 7.2", "Домашние задания\Урок 2\Vstrecha 7.2\Vstrecha 7.2.vcxproj", "{22803405-8C3B-41D1-B6EF-50AD5E04A386}"
EndProject
Project("{8BC9CEB8-8B4A-11D0-8D11-00A0C91BC942}") = "Vstrecha 8.1", "Домашние задания\Урок 2\Vstrecha 8.1\Vstrecha 8.1.vcxproj", "{70948AA5-3EA7-4506-9CA3-DA33ECF75C40}"
EndProject
Project("{8BC9CEB8-8B4A-11D0-8D11-00A0C91BC942}") = "Vstrecha 9.1", "Домашние задания\Урок 2\Vstrecha 9.1\Vstrecha 9.1.vcxproj", "{3BD86A5C-B8C6-4BCB-A051-DBB86B8D2AD8}"
EndProject
Project("{8BC9CEB8-8B4A-11D0-8D11-00A0C91BC942}") = "Vstrecha 10.1", "Домашние задания\Урок 2\Vstrecha 10.1\Vstrecha 10.1.vcxproj", "{AC065C2B-AD7D-4F14-B066-821526DF1607}"
EndProject
Project("{8BC9CEB8-8B4A-11D0-8D11-00A0C91BC942}") = "Vstrecha 8.2", "Домашние задания\Урок 2\Vstrecha 8.2\Vstrecha 8.2.vcxproj", "{72D0FCF3-5056-4CBD-9ACA-D48874C63C1F}"
EndProject
Global
	GlobalSection(SolutionConfigurationPlatforms) = preSolution
		Debug|x64 = Debug|x64
		Debug|x86 = Debug|x86
		Release|x64 = Release|x64
		Release|x86 = Release|x86
	EndGlobalSection
	GlobalSection(ProjectConfigurationPlatforms) = postSolution
		{B60C6FBF-15D1-426D-9E57-824174295312}.Debug|x64.ActiveCfg = Debug|x64
		{B60C6FBF-15D1-426D-9E57-824174295312}.Debug|x64.Build.0 = Debug|x64
		{B60C6FBF-15D1-426D-9E57-824174295312}.Debug|x86.ActiveCfg = Debug|Win32
		{B60C6FBF-15D1-426D-9E57-824174295312}.Debug|x86.Build.0 = Debug|Win32
		{B60C6FBF-15D1-426D-9E57-824174295312}.Release|x64.ActiveCfg = Release|x64
		{B60C6FBF-15D1-426D-9E57-824174295312}.Release|x64.Build.0 = Release|x64
		{B60C6FBF-15D1-426D-9E57-824174295312}.Release|x86.ActiveCfg = Release|Win32
		{B60C6FBF-15D1-426D-9E57-824174295312}.Release|x86.Build.0 = Release|Win32
		{1CF97361-E99E-4B00-AA3F-26FBCADFAB82}.Debug|x64.ActiveCfg = Debug|x64
		{1CF97361-E99E-4B00-AA3F-26FBCADFAB82}.Debug|x64.Build.0 = Debug|x64
		{1CF97361-E99E-4B00-AA3F-26FBCADFAB82}.Debug|x86.ActiveCfg = Debug|Win32
		{1CF97361-E99E-4B00-AA3F-26FBCADFAB82}.Debug|x86.Build.0 = Debug|Win32
		{1CF97361-E99E-4B00-AA3F-26FBCADFAB82}.Release|x64.ActiveCfg = Release|x64
		{1CF97361-E99E-4B00-AA3F-26FBCADFAB82}.Release|x64.Build.0 = Release|x64
		{1CF97361-E99E-4B00-AA3F-26FBCADFAB82}.Release|x86.ActiveCfg = Release|Win32
		{1CF97361-E99E-4B00-AA3F-26FBCADFAB82}.Release|x86.Build.0 = Release|Win32
		{942E6E78-AD5C-4557-8246-C64836EC4DCC}.Debug|x64.ActiveCfg = Debug|x64
		{942E6E78-AD5C-4557-8246-C64836EC4DCC}.Debug|x64.Build.0 = Debug|x64
		{942E6E78-AD5C-4557-8246-C64836EC4DCC}.Debug|x86.ActiveCfg = Debug|Win32
		{942E6E78-AD5C-4557-8246-C64836EC4DCC}.Debug|x86.Build.0 = Debug|Win32
		{942E6E78-AD5C-4557-8246-C64836EC4DCC}.Release|x64.ActiveCfg = Release|x64
		{942E6E78-AD5C-4557-8246-C64836EC4DCC}.Release|x64.Build.0 = Release|x64
		{942E6E78-AD5C-4557-8246-C64836EC4DCC}.Release|x86.ActiveCfg = Release|Win32
		{942E6E78-AD5C-4557-8246-C64836EC4DCC}.Release|x86.Build.0 = Release|Win32
		{DC1E2E4D-AA5A-467A-9692-3B67857001CD}.Debug|x64.ActiveCfg = Debug|x64
		{DC1E2E4D-AA5A-467A-9692-3B67857001CD}.Debug|x64.Build.0 = Debug|x64
		{DC1E2E4D-AA5A-467A-9692-3B67857001CD}.Debug|x86.ActiveCfg = Debug|Win32
		{DC1E2E4D-AA5A-467A-9692-3B67857001CD}.Debug|x86.Build.0 = Debug|Win32
		{DC1E2E4D-AA5A-467A-9692-3B67857001CD}.Release|x64.ActiveCfg = Release|x64
		{DC1E2E4D-AA5A-467A-9692-3B67857001CD}.Release|x64.Build.0 = Release|x64
		{DC1E2E4D-AA5A-467A-9692-3B67857001CD}.Release|x86.ActiveCfg = Release|Win32
		{DC1E2E4D-AA5A-467A-9692-3B67857001CD}.Release|x86.Build.0 = Release|Win32
		{98B84C9C-FC2B-4B63-A89F-DE8B107F324E}.Debug|x64.ActiveCfg = Debug|x64
		{98B84C9C-FC2B-4B63-A89F-DE8B107F324E}.Debug|x64.Build.0 = Debug|x64
		{98B84C9C-FC2B-4B63-A89F-DE8B107F324E}.Debug|x86.ActiveCfg = Debug|Win32
		{98B84C9C-FC2B-4B63-A89F-DE8B107F324E}.Debug|x86.Build.0 = Debug|Win32
		{98B84C9C-FC2B-4B63-A89F-DE8B107F324E}.Release|x64.ActiveCfg = Release|x64
		{98B84C9C-FC2B-4B63-A89F-DE8B107F324E}.Release|x64.Build.0 = Release|x64
		{98B84C9C-FC2B-4B63-A89F-DE8B107F324E}.Release|x86.ActiveCfg = Release|Win32
		{98B84C9C-FC2B-4B63-A89F-DE8B107F324E}.Release|x86.Build.0 = Release|Win32
		{58C044C0-CAC4-4DBF-8322-B8AB0B18D36C}.Debug|x64.ActiveCfg = Debug|x64
		{58C044C0-CAC4-4DBF-8322-B8AB0B18D36C}.Debug|x64.Build.0 = Debug|x64
		{58C044C0-CAC4-4DBF-8322-B8AB0B18D36C}.Debug|x86.ActiveCfg = Debug|Win32
		{58C044C0-CAC4-4DBF-8322-B8AB0B18D36C}.Debug|x86.Build.0 = Debug|Win32
		{58C044C0-CAC4-4DBF-8322-B8AB0B18D36C}.Release|x64.ActiveCfg = Release|x64
		{58C044C0-CAC4-4DBF-8322-B8AB0B18D36C}.Release|x64.Build.0 = Release|x64
		{58C044C0-CAC4-4DBF-8322-B8AB0B18D36C}.Release|x86.ActiveCfg = Release|Win32
		{58C044C0-CAC4-4DBF-8322-B8AB0B18D36C}.Release|x86.Build.0 = Release|Win32
		{060CC062-A771-4243-9D1B-CF97F0611A88}.Debug|x64.ActiveCfg = Debug|x64
		{060CC062-A771-4243-9D1B-CF97F0611A88}.Debug|x64.Build.0 = Debug|x64
		{060CC062-A771-4243-9D1B-CF97F0611A88}.Debug|x86.ActiveCfg = Debug|Win32
		{060CC062-A771-4243-9D1B-CF97F0611A88}.Debug|x86.Build.0 = Debug|Win32
		{060CC062-A771-4243-9D1B-CF97F0611A88}.Release|x64.ActiveCfg = Release|x64
		{060CC062-A771-4243-9D1B-CF97F0611A88}.Release|x64.Build.0 = Release|x64
		{060CC062-A771-4243-9D1B-CF97F0611A88}.Release|x86.ActiveCfg = Release|Win32
		{060CC062-A771-4243-9D1B-CF97F0611A88}.Release|x86.Build.0 = Release|Win32
		{CB4A3859-6BEF-40C0-A7D1-2582E52CB0FC}.Debug|x64.ActiveCfg = Debug|x64
		{CB4A3859-6BEF-40C0-A7D1-2582E52CB0FC}.Debug|x64.Build.0 = Debug|x64
		{CB4A3859-6BEF-40C0-A7D1-2582E52CB0FC}.Debug|x86.ActiveCfg = Debug|Win32
		{CB4A3859-6BEF-40C0-A7D1-2582E52CB0FC}.Debug|x86.Build.0 = Debug|Win32
		{CB4A3859-6BEF-40C0-A7D1-2582E52CB0FC}.Release|x64.ActiveCfg = Release|x64
		{CB4A3859-6BEF-40C0-A7D1-2582E52CB0FC}.Release|x64.Build.0 = Release|x64
		{CB4A3859-6BEF-40C0-A7D1-2582E52CB0FC}.Release|x86.ActiveCfg = Release|Win32
		{CB4A3859-6BEF-40C0-A7D1-2582E52CB0FC}.Release|x86.Build.0 = Release|Win32
		{22803405-8C3B-41D1-B6EF-50AD5E04A386}.Debug|x64.ActiveCfg = Debug|x64
		{22803405-8C3B-41D1-B6EF-50AD5E04A386}.Debug|x64.Build.0 = Debug|x64
		{22803405-8C3B-41D1-B6EF-50AD5E04A386}.Debug|x86.ActiveCfg = Debug|Win32
		{22803405-8C3B-41D1-B6EF-50AD5E04A386}.Debug|x86.Build.0 = Debug|Win32
		{22803405-8C3B-41D1-B6EF-50AD5E04A386}.Release|x64.ActiveCfg = Release|x64
		{22803405-8C3B-41D1-B6EF-50AD5E04A386}.Release|x64.Build.0 = Release|x64
		{22803405-8C3B-41D1-B6EF-50AD5E04A386}.Release|x86.ActiveCfg = Release|Win32
		{22803405-8C3B-41D1-B6EF-50AD5E04A386}.Release|x86.Build.0 = Release|Win32
		{70948AA5-3EA7-4506-9CA3-DA33ECF75C40}.Debug|x64.ActiveCfg = Debug|x64
		{70948AA5-3EA7-4506-9CA3-DA33ECF75C40}.Debug|x64.Build.0 = Debug|x64
		{70948AA5-3EA7-4506-9CA3-DA33ECF75C40}.Debug|x86.ActiveCfg = Debug|Win32
		{70948AA5-3EA7-4506-9CA3-DA33ECF75C40}.Debug|x86.Build.0 = Debug|Win32
		{70948AA5-3EA7-4506-9CA3-DA33ECF75C40}.Release|x64.ActiveCfg = Release|x64
		{70948AA5-3EA7-4506-9CA3-DA33ECF75C40}.Release|x64.Build.0 = Release|x64
		{70948AA5-3EA7-4506-9CA3-DA33ECF75C40}.Release|x86.ActiveCfg = Release|Win32
		{70948AA5-3EA7-4506-9CA3-DA33ECF75C40}.Release|x86.Build.0 = Release|Win32
		{3BD86A5C-B8C6-4BCB-A051-DBB86B8D2AD8}.Debug|x64.ActiveCfg = Debug|x64
		{3BD86A5C-B8C6-4BCB-A051-DBB86B8D2AD8}.Debug|x64.Build.0 = Debug|x64
		{3BD86A5C-B8C6-4BCB-A051-DBB86B8D2AD8}.Debug|x86.ActiveCfg = Debug|Win32
		{3BD86A5C-B8C6-4BCB-A051-DBB86B8D2AD8}.Debug|x86.Build.0 = Debug|Win32
		{3BD86A5C-B8C6-4BCB-A051-DBB86B8D2AD8}.Release|x64.ActiveCfg = Release|x64
		{3BD86A5C-B8C6-4BCB-A051-DBB86B8D2AD8}.Release|x64.Build.0 = Release|x64
		{3BD86A5C-B8C6-4BCB-A051-DBB86B8D2AD8}.Release|x86.ActiveCfg = Release|Win32
		{3BD86A5C-B8C6-4BCB-A051-DBB86B8D2AD8}.Release|x86.Build.0 = Release|Win32
		{AC065C2B-AD7D-4F14-B066-821526DF1607}.Debug|x64.ActiveCfg = Debug|x64
		{AC065C2B-AD7D-4F14-B066-821526DF1607}.Debug|x64.Build.0 = Debug|x64
		{AC065C2B-AD7D-4F14-B066-821526DF1607}.Debug|x86.ActiveCfg = Debug|Win32
		{AC065C2B-AD7D-4F14-B066-821526DF1607}.Debug|x86.Build.0 = Debug|Win32
		{AC065C2B-AD7D-4F14-B066-821526DF1607}.Release|x64.ActiveCfg = Release|x64
		{AC065C2B-AD7D-4F14-B066-821526DF1607}.Release|x64.Build.0 = Release|x64
		{AC065C2B-AD7D-4F14-B066-821526DF1607}.Release|x86.ActiveCfg = Release|Win32
		{AC065C2B-AD7D-4F14-B066-821526DF1607}.Release|x86.Build.0 = Release|Win32
		{72D0FCF3-5056-4CBD-9ACA-D48874C63C1F}.Debug|x64.ActiveCfg = Debug|x64
		{72D0FCF3-5056-4CBD-9ACA-D48874C63C1F}.Debug|x64.Build.0 = Debug|x64
		{72D0FCF3-5056-4CBD-9ACA-D48874C63C1F}.Debug|x86.ActiveCfg = Debug|Win32
		{72D0FCF3-5056-4CBD-9ACA-D48874C63C1F}.Debug|x86.Build.0 = Debug|Win32
		{72D0FCF3-5056-4CBD-9ACA-D48874C63C1F}.Release|x64.ActiveCfg = Release|x64
		{72D0FCF3-5056-4CBD-9ACA-D48874C63C1F}.Release|x64.Build.0 = Release|x64
		{72D0FCF3-5056-4CBD-9ACA-D48874C63C1F}.Release|x86.ActiveCfg = Release|Win32
		{72D0FCF3-5056-4CBD-9ACA-D48874C63C1F}.Release|x86.Build.0 = Release|Win32
	EndGlobalSection
	GlobalSection(SolutionProperties) = preSolution
		HideSolutionNode = FALSE
	EndGlobalSection
	GlobalSection(NestedProjects) = preSolution
		{F0C6B5B7-9B11-4C50-95D8-F443163A29BE} = {8DF00A33-1E4C-4CAC-942F-EFC331A10D31}
		{59A48790-66E5-42B5-BD75-F8D6F4FF97A7} = {84F07877-ED8E-4E90-B134-2602E6C405B2}
		{B60C6FBF-15D1-426D-9E57-824174295312} = {F0C6B5B7-9B11-4C50-95D8-F443163A29BE}
		{1CF97361-E99E-4B00-AA3F-26FBCADFAB82} = {F0C6B5B7-9B11-4C50-95D8-F443163A29BE}
		{942E6E78-AD5C-4557-8246-C64836EC4DCC} = {F0C6B5B7-9B11-4C50-95D8-F443163A29BE}
		{DC1E2E4D-AA5A-467A-9692-3B67857001CD} = {F0C6B5B7-9B11-4C50-95D8-F443163A29BE}
		{98B84C9C-FC2B-4B63-A89F-DE8B107F324E} = {F0C6B5B7-9B11-4C50-95D8-F443163A29BE}
		{6B99158B-B84D-4196-947B-448E2A6925D2} = {8DF00A33-1E4C-4CAC-942F-EFC331A10D31}
		{58C044C0-CAC4-4DBF-8322-B8AB0B18D36C} = {6B99158B-B84D-4196-947B-448E2A6925D2}
		{060CC062-A771-4243-9D1B-CF97F0611A88} = {6B99158B-B84D-4196-947B-448E2A6925D2}
		{CB4A3859-6BEF-40C0-A7D1-2582E52CB0FC} = {6B99158B-B84D-4196-947B-448E2A6925D2}
		{22803405-8C3B-41D1-B6EF-50AD5E04A386} = {6B99158B-B84D-4196-947B-448E2A6925D2}
		{70948AA5-3EA7-4506-9CA3-DA33ECF75C40} = {6B99158B-B84D-4196-947B-448E2A6925D2}
		{3BD86A5C-B8C6-4BCB-A051-DBB86B8D2AD8} = {6B99158B-B84D-4196-947B-448E2A6925D2}
		{AC065C2B-AD7D-4F14-B066-821526DF1607} = {6B99158B-B84D-4196-947B-448E2A6925D2}
		{72D0FCF3-5056-4CBD-9ACA-D48874C63C1F} = {6B99158B-B84D-4196-947B-448E2A6925D2}
	EndGlobalSection
	GlobalSection(ExtensibilityGlobals) = postSolution
		SolutionGuid = {2180E2F3-A28E-4298-8F4D-018925237AD0}
	EndGlobalSection
EndGlobal
